
Microsoft Visual Studio Solution File, Format Version 12.00
Project("{FAE04EC0-301F-11D3-BF4B-00C04F79EFBC}") = "Business", "Business\Business.csproj", "{EDEF275C-99A1-46C4-83D7-BCBD0C8F5E45}"
EndProject
Project("{FAE04EC0-301F-11D3-BF4B-00C04F79EFBC}") = "MA_Presentation_MVVM_Avalonia", "MA_Presentation_MVVM_Avalonia\MA_Presentation_MVVM_Avalonia.csproj", "{3F649362-D888-4AE3-BCBB-012715033B3A}"
EndProject
Project("{FAE04EC0-301F-11D3-BF4B-00C04F79EFBC}") = "MA_Presentation_Console", "MA_Presentation_Console\MA_Presentation_Console.csproj", "{FB22919B-49D5-4EDD-A060-D2242D86A941}"
EndProject
Global
	GlobalSection(SolutionConfigurationPlatforms) = preSolution
		Debug|Any CPU = Debug|Any CPU
		Release|Any CPU = Release|Any CPU
	EndGlobalSection
	GlobalSection(ProjectConfigurationPlatforms) = postSolution
		{EDEF275C-99A1-46C4-83D7-BCBD0C8F5E45}.Debug|Any CPU.ActiveCfg = Debug|Any CPU
		{EDEF275C-99A1-46C4-83D7-BCBD0C8F5E45}.Debug|Any CPU.Build.0 = Debug|Any CPU
		{EDEF275C-99A1-46C4-83D7-BCBD0C8F5E45}.Release|Any CPU.ActiveCfg = Release|Any CPU
		{EDEF275C-99A1-46C4-83D7-BCBD0C8F5E45}.Release|Any CPU.Build.0 = Release|Any CPU
		{3F649362-D888-4AE3-BCBB-012715033B3A}.Debug|Any CPU.ActiveCfg = Debug|Any CPU
		{3F649362-D888-4AE3-BCBB-012715033B3A}.Debug|Any CPU.Build.0 = Debug|Any CPU
		{3F649362-D888-4AE3-BCBB-012715033B3A}.Release|Any CPU.ActiveCfg = Release|Any CPU
		{3F649362-D888-4AE3-BCBB-012715033B3A}.Release|Any CPU.Build.0 = Release|Any CPU
		{FB22919B-49D5-4EDD-A060-D2242D86A941}.Debug|Any CPU.ActiveCfg = Debug|Any CPU
		{FB22919B-49D5-4EDD-A060-D2242D86A941}.Debug|Any CPU.Build.0 = Debug|Any CPU
		{FB22919B-49D5-4EDD-A060-D2242D86A941}.Release|Any CPU.ActiveCfg = Release|Any CPU
		{FB22919B-49D5-4EDD-A060-D2242D86A941}.Release|Any CPU.Build.0 = Release|Any CPU
	EndGlobalSection
EndGlobal
