
Microsoft Visual Studio Solution File, Format Version 12.00
Project("{FAE04EC0-301F-11D3-BF4B-00C04F79EFBC}") = "Presentation_Avalonia", "Presentation_Avalonia\Presentation_Avalonia.csproj", "{68FB55FD-B961-4495-8B3D-3E1A1CEDB5CB}"
EndProject
Global
	GlobalSection(SolutionConfigurationPlatforms) = preSolution
		Debug|Any CPU = Debug|Any CPU
		Release|Any CPU = Release|Any CPU
	EndGlobalSection
	GlobalSection(ProjectConfigurationPlatforms) = postSolution
		{68FB55FD-B961-4495-8B3D-3E1A1CEDB5CB}.Debug|Any CPU.ActiveCfg = Debug|Any CPU
		{68FB55FD-B961-4495-8B3D-3E1A1CEDB5CB}.Debug|Any CPU.Build.0 = Debug|Any CPU
		{68FB55FD-B961-4495-8B3D-3E1A1CEDB5CB}.Release|Any CPU.ActiveCfg = Release|Any CPU
		{68FB55FD-B961-4495-8B3D-3E1A1CEDB5CB}.Release|Any CPU.Build.0 = Release|Any CPU
	EndGlobalSection
EndGlobal
