
Microsoft Visual Studio Solution File, Format Version 12.00
Project("{FAE04EC0-301F-11D3-BF4B-00C04F79EFBC}") = "MA_Presentation_MAUI", "MA_Presentation_MAUI\MA_Presentation_MAUI.csproj", "{EDAC824C-6678-430F-A4ED-02FBC294A3F5}"
EndProject
Global
	GlobalSection(SolutionConfigurationPlatforms) = preSolution
		Debug|Any CPU = Debug|Any CPU
		Release|Any CPU = Release|Any CPU
	EndGlobalSection
	GlobalSection(ProjectConfigurationPlatforms) = postSolution
		{EDAC824C-6678-430F-A4ED-02FBC294A3F5}.Debug|Any CPU.ActiveCfg = Debug|Any CPU
		{EDAC824C-6678-430F-A4ED-02FBC294A3F5}.Debug|Any CPU.Build.0 = Debug|Any CPU
		{EDAC824C-6678-430F-A4ED-02FBC294A3F5}.Release|Any CPU.ActiveCfg = Release|Any CPU
		{EDAC824C-6678-430F-A4ED-02FBC294A3F5}.Release|Any CPU.Build.0 = Release|Any CPU
	EndGlobalSection
EndGlobal
