
Microsoft Visual Studio Solution File, Format Version 12.00
Project("{FAE04EC0-301F-11D3-BF4B-00C04F79EFBC}") = "MA_Presentation_MAUI", "MA_Presentation_MAUI\MA_Presentation_MAUI.csproj", "{1DE4B128-03E3-4FAC-95F3-079B7BCBB2DC}"
EndProject
Global
	GlobalSection(SolutionConfigurationPlatforms) = preSolution
		Debug|Any CPU = Debug|Any CPU
		Release|Any CPU = Release|Any CPU
	EndGlobalSection
	GlobalSection(ProjectConfigurationPlatforms) = postSolution
		{1DE4B128-03E3-4FAC-95F3-079B7BCBB2DC}.Debug|Any CPU.ActiveCfg = Debug|Any CPU
		{1DE4B128-03E3-4FAC-95F3-079B7BCBB2DC}.Debug|Any CPU.Build.0 = Debug|Any CPU
		{1DE4B128-03E3-4FAC-95F3-079B7BCBB2DC}.Release|Any CPU.ActiveCfg = Release|Any CPU
		{1DE4B128-03E3-4FAC-95F3-079B7BCBB2DC}.Release|Any CPU.Build.0 = Release|Any CPU
	EndGlobalSection
EndGlobal
